[[package]]
name = "attrs"
version = "22.1.0"
description = "Classes Without Boilerplate"
category = "dev"
optional = false
python-versions = ">=3.5"

[package.extras]
dev = ["coverage[toml] (>=5.0.2)", "hypothesis", "pympler", "pytest (>=4.3.0)", "mypy (>=0.900,!=0.940)", "pytest-mypy-plugins", "zope.interface", "furo", "sphinx", "sphinx-notfound-page", "pre-commit", "cloudpickle"]
docs = ["furo", "sphinx", "zope.interface", "sphinx-notfound-page"]
tests = ["coverage[toml] (>=5.0.2)", "hypothesis", "pympler", "pytest (>=4.3.0)", "mypy (>=0.900,!=0.940)", "pytest-mypy-plugins", "zope.interface", "cloudpickle"]
tests_no_zope = ["coverage[toml] (>=5.0.2)", "hypothesis", "pympler", "pytest (>=4.3.0)", "mypy (>=0.900,!=0.940)", "pytest-mypy-plugins", "cloudpickle"]

[[package]]
name = "black"
version = "22.10.0"
description = "The uncompromising code formatter."
category = "dev"
optional = false
python-versions = ">=3.7"

[package.dependencies]
click = ">=8.0.0"
mypy-extensions = ">=0.4.3"
pathspec = ">=0.9.0"
platformdirs = ">=2"
tomli = {version = ">=1.1.0", markers = "python_full_version < \"3.11.0a7\""}

[package.extras]
colorama = ["colorama (>=0.4.3)"]
d = ["aiohttp (>=3.7.4)"]
jupyter = ["ipython (>=7.8.0)", "tokenize-rt (>=3.2.0)"]
uvloop = ["uvloop (>=0.15.2)"]

[[package]]
name = "click"
version = "8.1.3"
description = "Composable command line interface toolkit"
category = "dev"
optional = false
python-versions = ">=3.7"

[package.dependencies]
colorama = {version = "*", markers = "platform_system == \"Windows\""}

[[package]]
name = "colorama"
version = "0.4.6"
description = "Cross-platform colored terminal text."
category = "dev"
optional = false
python-versions = "!=3.0.*,!=3.1.*,!=3.2.*,!=3.3.*,!=3.4.*,!=3.5.*,!=3.6.*,>=2.7"

[[package]]
name = "exceptiongroup"
version = "1.0.4"
description = "Backport of PEP 654 (exception groups)"
category = "dev"
optional = false
python-versions = ">=3.7"

[package.extras]
test = ["pytest (>=6)"]

[[package]]
name = "grpcio"
version = "1.51.0"
description = "HTTP/2-based RPC framework"
category = "main"
optional = false
python-versions = ">=3.7"

[package.extras]
protobuf = ["grpcio-tools (>=1.51.0)"]

[[package]]
name = "grpcio-tools"
version = "1.51.0"
description = "Protobuf code generator for gRPC"
category = "main"
optional = false
python-versions = ">=3.7"

[package.dependencies]
grpcio = ">=1.51.0"
protobuf = ">=4.21.6,<5.0dev"

[[package]]
name = "iniconfig"
version = "1.1.1"
description = "iniconfig: brain-dead simple config-ini parsing"
category = "dev"
optional = false
python-versions = "*"

[[package]]
name = "isort"
version = "5.10.1"
description = "A Python utility / library to sort Python imports."
category = "dev"
optional = false
python-versions = ">=3.6.1,<4.0"

[package.extras]
pipfile_deprecated_finder = ["pipreqs", "requirementslib"]
requirements_deprecated_finder = ["pipreqs", "pip-api"]
colors = ["colorama (>=0.4.3,<0.5.0)"]
plugins = ["setuptools"]

[[package]]
name = "load-dotenv"
version = "0.1.0"
description = "Automatically and implicitly load environment variables from .env file"
category = "main"
optional = false
python-versions = "*"

[package.dependencies]
python-dotenv = "*"

[[package]]
name = "mypy-extensions"
version = "0.4.3"
description = "Experimental type system extensions for programs checked with the mypy typechecker."
category = "dev"
optional = false
python-versions = "*"

[[package]]
name = "packaging"
version = "21.3"
description = "Core utilities for Python packages"
category = "dev"
optional = false
python-versions = ">=3.6"

[package.dependencies]
pyparsing = ">=2.0.2,<3.0.5 || >3.0.5"

[[package]]
name = "pathspec"
version = "0.10.2"
description = "Utility library for gitignore style pattern matching of file paths."
category = "dev"
optional = false
python-versions = ">=3.7"

[[package]]
name = "platformdirs"
version = "2.5.4"
description = "A small Python package for determining appropriate platform-specific dirs, e.g. a \"user data dir\"."
category = "dev"
optional = false
python-versions = ">=3.7"

[package.extras]
docs = ["furo (>=2022.9.29)", "proselint (>=0.13)", "sphinx-autodoc-typehints (>=1.19.4)", "sphinx (>=5.3)"]
test = ["appdirs (==1.4.4)", "pytest-cov (>=4)", "pytest-mock (>=3.10)", "pytest (>=7.2)"]

[[package]]
name = "pluggy"
version = "1.0.0"
description = "plugin and hook calling mechanisms for python"
category = "dev"
optional = false
python-versions = ">=3.6"

[package.extras]
testing = ["pytest-benchmark", "pytest"]
dev = ["tox", "pre-commit"]

[[package]]
name = "protobuf"
version = "4.21.9"
description = ""
category = "main"
optional = false
python-versions = ">=3.7"

[[package]]
name = "pyparsing"
version = "3.0.9"
description = "pyparsing module - Classes and methods to define and execute parsing grammars"
category = "dev"
optional = false
python-versions = ">=3.6.8"

[package.extras]
diagrams = ["railroad-diagrams", "jinja2"]

[[package]]
name = "pytest"
version = "7.2.0"
description = "pytest: simple powerful testing with Python"
category = "dev"
optional = false
python-versions = ">=3.7"

[package.dependencies]
attrs = ">=19.2.0"
colorama = {version = "*", markers = "sys_platform == \"win32\""}
exceptiongroup = {version = ">=1.0.0rc8", markers = "python_version < \"3.11\""}
iniconfig = "*"
packaging = "*"
pluggy = ">=0.12,<2.0"
tomli = {version = ">=1.0.0", markers = "python_version < \"3.11\""}

[package.extras]
testing = ["argcomplete", "hypothesis (>=3.56)", "mock", "nose", "pygments (>=2.7.2)", "requests", "xmlschema"]

[[package]]
name = "python-dotenv"
version = "0.21.0"
description = "Read key-value pairs from a .env file and set them as environment variables"
category = "main"
optional = false
python-versions = ">=3.7"

[package.extras]
cli = ["click (>=5.0)"]

[[package]]
name = "tomli"
version = "2.0.1"
description = "A lil' TOML parser"
category = "dev"
optional = false
python-versions = ">=3.7"

[metadata]
lock-version = "1.1"
python-versions = "^3.10"
content-hash = "4be9684caf6b5080044dcea614e125c31812976b742c874589bab32a6bc80746"

[metadata.files]
attrs = [
    {file = "attrs-22.1.0-py2.py3-none-any.whl", hash = "sha256:86efa402f67bf2df34f51a335487cf46b1ec130d02b8d39fd248abfd30da551c"},
    {file = "attrs-22.1.0.tar.gz", hash = "sha256:29adc2665447e5191d0e7c568fde78b21f9672d344281d0c6e1ab085429b22b6"},
]
black = [
    {file = "black-22.10.0-1fixedarch-cp310-cp310-macosx_11_0_x86_64.whl", hash = "sha256:5cc42ca67989e9c3cf859e84c2bf014f6633db63d1cbdf8fdb666dcd9e77e3fa"},
    {file = "black-22.10.0-1fixedarch-cp311-cp311-macosx_11_0_x86_64.whl", hash = "sha256:5d8f74030e67087b219b032aa33a919fae8806d49c867846bfacde57f43972ef"},
    {file = "black-22.10.0-1fixedarch-cp37-cp37m-macosx_10_16_x86_64.whl", hash = "sha256:197df8509263b0b8614e1df1756b1dd41be6738eed2ba9e9769f3880c2b9d7b6"},
    {file = "black-22.10.0-1fixedarch-cp38-cp38-macosx_10_16_x86_64.whl", hash = "sha256:2644b5d63633702bc2c5f3754b1b475378fbbfb481f62319388235d0cd104c2d"},
    {file = "black-22.10.0-1fixedarch-cp39-cp39-macosx_11_0_x86_64.whl", hash = "sha256:e41a86c6c650bcecc6633ee3180d80a025db041a8e2398dcc059b3afa8382cd4"},
    {file = "black-22.10.0-cp310-cp310-macosx_11_0_arm64.whl", hash = "sha256:2039230db3c6c639bd84efe3292ec7b06e9214a2992cd9beb293d639c6402edb"},
    {file = "black-22.10.0-cp310-cp310-manylinux_2_17_x86_64.manylinux2014_x86_64.whl", hash = "sha256:14ff67aec0a47c424bc99b71005202045dc09270da44a27848d534600ac64fc7"},
    {file = "black-22.10.0-cp310-cp310-win_amd64.whl", hash = "sha256:819dc789f4498ecc91438a7de64427c73b45035e2e3680c92e18795a839ebb66"},
    {file = "black-22.10.0-cp311-cp311-macosx_11_0_arm64.whl", hash = "sha256:5b9b29da4f564ba8787c119f37d174f2b69cdfdf9015b7d8c5c16121ddc054ae"},
    {file = "black-22.10.0-cp311-cp311-manylinux_2_17_x86_64.manylinux2014_x86_64.whl", hash = "sha256:b8b49776299fece66bffaafe357d929ca9451450f5466e997a7285ab0fe28e3b"},
    {file = "black-22.10.0-cp311-cp311-win_amd64.whl", hash = "sha256:21199526696b8f09c3997e2b4db8d0b108d801a348414264d2eb8eb2532e540d"},
    {file = "black-22.10.0-cp37-cp37m-manylinux_2_17_x86_64.manylinux2014_x86_64.whl", hash = "sha256:1e464456d24e23d11fced2bc8c47ef66d471f845c7b7a42f3bd77bf3d1789650"},
    {file = "black-22.10.0-cp37-cp37m-win_amd64.whl", hash = "sha256:9311e99228ae10023300ecac05be5a296f60d2fd10fff31cf5c1fa4ca4b1988d"},
    {file = "black-22.10.0-cp38-cp38-macosx_11_0_arm64.whl", hash = "sha256:fba8a281e570adafb79f7755ac8721b6cf1bbf691186a287e990c7929c7692ff"},
    {file = "black-22.10.0-cp38-cp38-manylinux_2_17_x86_64.manylinux2014_x86_64.whl", hash = "sha256:915ace4ff03fdfff953962fa672d44be269deb2eaf88499a0f8805221bc68c87"},
    {file = "black-22.10.0-cp38-cp38-win_amd64.whl", hash = "sha256:444ebfb4e441254e87bad00c661fe32df9969b2bf224373a448d8aca2132b395"},
    {file = "black-22.10.0-cp39-cp39-macosx_11_0_arm64.whl", hash = "sha256:974308c58d057a651d182208a484ce80a26dac0caef2895836a92dd6ebd725e0"},
    {file = "black-22.10.0-cp39-cp39-manylinux_2_17_x86_64.manylinux2014_x86_64.whl", hash = "sha256:72ef3925f30e12a184889aac03d77d031056860ccae8a1e519f6cbb742736383"},
    {file = "black-22.10.0-cp39-cp39-win_amd64.whl", hash = "sha256:432247333090c8c5366e69627ccb363bc58514ae3e63f7fc75c54b1ea80fa7de"},
    {file = "black-22.10.0-py3-none-any.whl", hash = "sha256:c957b2b4ea88587b46cf49d1dc17681c1e672864fd7af32fc1e9664d572b3458"},
    {file = "black-22.10.0.tar.gz", hash = "sha256:f513588da599943e0cde4e32cc9879e825d58720d6557062d1098c5ad80080e1"},
]
click = [
    {file = "click-8.1.3-py3-none-any.whl", hash = "sha256:bb4d8133cb15a609f44e8213d9b391b0809795062913b383c62be0ee95b1db48"},
    {file = "click-8.1.3.tar.gz", hash = "sha256:7682dc8afb30297001674575ea00d1814d808d6a36af415a82bd481d37ba7b8e"},
]
colorama = [
    {file = "colorama-0.4.6-py2.py3-none-any.whl", hash = "sha256:4f1d9991f5acc0ca119f9d443620b77f9d6b33703e51011c16baf57afb285fc6"},
    {file = "colorama-0.4.6.tar.gz", hash = "sha256:08695f5cb7ed6e0531a20572697297273c47b8cae5a63ffc6d6ed5c201be6e44"},
]
exceptiongroup = [
    {file = "exceptiongroup-1.0.4-py3-none-any.whl", hash = "sha256:542adf9dea4055530d6e1279602fa5cb11dab2395fa650b8674eaec35fc4a828"},
    {file = "exceptiongroup-1.0.4.tar.gz", hash = "sha256:bd14967b79cd9bdb54d97323216f8fdf533e278df937aa2a90089e7d6e06e5ec"},
]
grpcio = [
    {file = "grpcio-1.51.0-cp310-cp310-linux_armv7l.whl", hash = "sha256:d33e17ee64ed77ad9c6deeecf1146e9ee0472b1ca7d37dc4f5ae28fdf6ed8e4e"},
    {file = "grpcio-1.51.0-cp310-cp310-macosx_12_0_x86_64.whl", hash = "sha256:3b9f67b703d0b8a0ca5308f31b5552a9bf1692060e04b929d2242656c0493dcf"},
    {file = "grpcio-1.51.0-cp310-cp310-manylinux_2_17_aarch64.whl", hash = "sha256:694e282673dbf178d08c1d0236f22838ec1e2ea1db144f59fe01f9b0514a2f73"},
    {file = "grpcio-1.51.0-cp310-cp310-manylinux_2_17_i686.manylinux2014_i686.whl", hash = "sha256:ce4a5546f17d68ba0c25ea28edce70c56b354a3cf4e7d78617dec037864d38d5"},
    {file = "grpcio-1.51.0-cp310-cp310-manylinux_2_17_x86_64.manylinux2014_x86_64.whl", hash = "sha256:db22902f085dd4c7979abe3cc415035f4a75a553140c98b751a3ca22d978f2a2"},
    {file = "grpcio-1.51.0-cp310-cp310-musllinux_1_1_i686.whl", hash = "sha256:4c012b0d4c7c4ba3f832a339330d35975f0181f032ba66f40dd71bd99849b224"},
    {file = "grpcio-1.51.0-cp310-cp310-musllinux_1_1_x86_64.whl", hash = "sha256:3ac1c1b63da14172ef2d9a012076d0c6a5885f0fd4fb6f1104f60da6470b9591"},
    {file = "grpcio-1.51.0-cp310-cp310-win32.whl", hash = "sha256:748686b1bdd17d5752f35256bb92aacbcb5b6584ad612178a0af4b5301d38f06"},
    {file = "grpcio-1.51.0-cp310-cp310-win_amd64.whl", hash = "sha256:ef535dd391e4029834cc1a30a0353ca0d11b21201df570df46e3d6f62323d65a"},
    {file = "grpcio-1.51.0-cp311-cp311-linux_armv7l.whl", hash = "sha256:248c32ee8a0e7d16cfee74d14c8e169e434edbd74b2146a2a96d06200a8f7d03"},
    {file = "grpcio-1.51.0-cp311-cp311-macosx_10_10_x86_64.whl", hash = "sha256:39187d5ec73a69bd6ac497aaac59e8c226b6c7c16fc0e00cedf0f83ac1c79daa"},
    {file = "grpcio-1.51.0-cp311-cp311-manylinux_2_17_i686.manylinux2014_i686.whl", hash = "sha256:36a4af2a423688d9a0dd70e5f0a118713446c49ddfebff14547b3418d15c3714"},
    {file = "grpcio-1.51.0-cp311-cp311-manylinux_2_17_x86_64.manylinux2014_x86_64.whl", hash = "sha256:fc5438ea90768017818d54049603e96d5ad0c8b592ec33b2cdc35eaf75582802"},
    {file = "grpcio-1.51.0-cp311-cp311-musllinux_1_1_i686.whl", hash = "sha256:74aa0a5157fd28037e2e951cb0228a4a7cdcaaac75d8e5650191dfca8e8f9449"},
    {file = "grpcio-1.51.0-cp311-cp311-musllinux_1_1_x86_64.whl", hash = "sha256:16c2e5d498f292d64146da5623986521a694afd2d0823184c71d917a8d2d63d3"},
    {file = "grpcio-1.51.0-cp311-cp311-win32.whl", hash = "sha256:4bfe3622d2b0406ca867e7558d41a2b7aba312209ab889bfc17ae2d1cd17b6ba"},
    {file = "grpcio-1.51.0-cp311-cp311-win_amd64.whl", hash = "sha256:e0837ef421af003ba36be10b830e187e8434c9052ef90bfb1a6de1c8586eb5e8"},
    {file = "grpcio-1.51.0-cp37-cp37m-linux_armv7l.whl", hash = "sha256:a29913905bc23b0054be96234b8d39fdf3222430c5bf5756a97278ecd49dad0a"},
    {file = "grpcio-1.51.0-cp37-cp37m-macosx_10_10_x86_64.whl", hash = "sha256:3d0d7ee2e5bd43175110d323ba9650595707504e5a7d049d6be337df7b4aee77"},
    {file = "grpcio-1.51.0-cp37-cp37m-manylinux_2_17_aarch64.whl", hash = "sha256:a1d9409bc633028f992c05b6b8342dd94b946072fa192c059e626032fb7cc3e0"},
    {file = "grpcio-1.51.0-cp37-cp37m-manylinux_2_17_i686.manylinux2014_i686.whl", hash = "sha256:63b5d4543bba518ff0c1af3b8031595422a6e243f38d23588b528a08a7851522"},
    {file = "grpcio-1.51.0-cp37-cp37m-manylinux_2_17_x86_64.manylinux2014_x86_64.whl", hash = "sha256:bf33ba7e178e75f61f24dd06947599ef04a911d0b384616a4fcb843485f6d92d"},
    {file = "grpcio-1.51.0-cp37-cp37m-musllinux_1_1_i686.whl", hash = "sha256:d08475daadc04756d2a20a4bd51fe873b9b4f02fbe11f7bfd8995a7199792c38"},
    {file = "grpcio-1.51.0-cp37-cp37m-musllinux_1_1_x86_64.whl", hash = "sha256:c0bae51edce0eff1b4a89b57fead01638632ec2baadca3e5b94c730c5baa74e8"},
    {file = "grpcio-1.51.0-cp37-cp37m-win32.whl", hash = "sha256:d1b1418f9d2b7be2fbe3d6e12e19f48a8d24e18597315f01f4df5e019b2d2685"},
    {file = "grpcio-1.51.0-cp37-cp37m-win_amd64.whl", hash = "sha256:fe4552c363be5affe5133b9ba66a04e3c1e4f243154666a94fefa357f6352250"},
    {file = "grpcio-1.51.0-cp38-cp38-linux_armv7l.whl", hash = "sha256:6f644401f26aae6d012c461eb0ffa3d1c4e4f447a23b061baad9c2e201fe1573"},
    {file = "grpcio-1.51.0-cp38-cp38-macosx_10_10_x86_64.whl", hash = "sha256:32e7d90d02121aab458d1ba5a899ce4639df14b387e3e436eab17d167d23b386"},
    {file = "grpcio-1.51.0-cp38-cp38-manylinux_2_17_aarch64.whl", hash = "sha256:4de91e690d9179aad372ccecf0d3600f37ad63dd17ae061f521b7baff4e3e1a0"},
    {file = "grpcio-1.51.0-cp38-cp38-manylinux_2_17_i686.manylinux2014_i686.whl", hash = "sha256:98a4858613f1bc991f79b2dc5d453cf5a8dd95a4fdab8b6daaaff33d8710dd1e"},
    {file = "grpcio-1.51.0-cp38-cp38-manylinux_2_17_x86_64.manylinux2014_x86_64.whl", hash = "sha256:c15b03b864c046ea3198cbb9be04b8a892216c105d3b5e7a5b7e33bc286aaacb"},
    {file = "grpcio-1.51.0-cp38-cp38-musllinux_1_1_i686.whl", hash = "sha256:da4e8d1daa741e9165ed9d6f1dba8b94d7d2fc477a43564d4e0b61eac7d5b8e9"},
    {file = "grpcio-1.51.0-cp38-cp38-musllinux_1_1_x86_64.whl", hash = "sha256:3344952c68588d26e877de2e15934437a027526609d0cea698e41151ac4a50cb"},
    {file = "grpcio-1.51.0-cp38-cp38-win32.whl", hash = "sha256:8a4f4de445aa2ccd99abb3a09d27af38eee75b0d411b28db65aebd46fb6373ca"},
    {file = "grpcio-1.51.0-cp38-cp38-win_amd64.whl", hash = "sha256:f5ea8351b4a8713dd2818721c771a2b43c53e229cfc095898779c3aaff6f786e"},
    {file = "grpcio-1.51.0-cp39-cp39-linux_armv7l.whl", hash = "sha256:f085e0439129e562c157f85195d8c3f9f538d0d90315d0e41593c47580386f93"},
    {file = "grpcio-1.51.0-cp39-cp39-macosx_10_10_x86_64.whl", hash = "sha256:2f39dee8a6516089ab5469ebf03031a6a574508728e38627e5c5c6589a4d46b9"},
    {file = "grpcio-1.51.0-cp39-cp39-manylinux_2_17_aarch64.whl", hash = "sha256:c5157927f98ef9fce6919d3c46330c97e9a179ef1d912458127c71a07372f341"},
    {file = "grpcio-1.51.0-cp39-cp39-manylinux_2_17_i686.manylinux2014_i686.whl", hash = "sha256:94d2c83590dde9d87ab3ff5f47b293e0c3e908f683ad327f47eb78bb7f7e198d"},
    {file = "grpcio-1.51.0-cp39-cp39-manylinux_2_17_x86_64.manylinux2014_x86_64.whl", hash = "sha256:425baff0b0182514b739565d95962b080be134499967c925dbd6aa7a5bc9d82b"},
    {file = "grpcio-1.51.0-cp39-cp39-musllinux_1_1_i686.whl", hash = "sha256:a9fc58eba09407124edbb17d91e091a296702cef486bd03d50d34e40689c1406"},
    {file = "grpcio-1.51.0-cp39-cp39-musllinux_1_1_x86_64.whl", hash = "sha256:e743a40579711c02388b021203f0785f00ac486637fea6ce9f9ab12cbc13ad69"},
    {file = "grpcio-1.51.0-cp39-cp39-win32.whl", hash = "sha256:3c52aa919c5483179df2612076c9b24608f44277a7978eeeea3014bb31bfae18"},
    {file = "grpcio-1.51.0-cp39-cp39-win_amd64.whl", hash = "sha256:19f783b3e164673be26eb1b3b53a40b9ca12b034189e0c15c70561a596035652"},
    {file = "grpcio-1.51.0.tar.gz", hash = "sha256:a103811a4b318abc9b1592cd6cc9187d34bfb2e192eb0fe113dfabb38a162284"},
]
grpcio-tools = [
    {file = "grpcio-tools-1.51.0.tar.gz", hash = "sha256:264abafefc3240aacdc6e0c7765a8a20c284f1267ae0dd899084f07694b55095"},
    {file = "grpcio_tools-1.51.0-cp310-cp310-linux_armv7l.whl", hash = "sha256:2ab6f671144eeb46914d4c3475f49ee1fec8907a957789e5adf73c8d14a8fbd7"},
    {file = "grpcio_tools-1.51.0-cp310-cp310-macosx_12_0_x86_64.whl", hash = "sha256:68c7bf9c066258c2e2238dfc82833d01348126f08bb8861a70045b261bd28e9f"},
    {file = "grpcio_tools-1.51.0-cp310-cp310-manylinux_2_17_aarch64.whl", hash = "sha256:0076179236c8efed458e1f96b25a29156dac654c7ba3666e03fe5b33750cc0e0"},
    {file = "grpcio_tools-1.51.0-cp310-cp310-manylinux_2_17_i686.manylinux2014_i686.whl", hash = "sha256:f555e1b5549c999f3aed5212d061793040bebc200b372145b683ee06e56e1eea"},
    {file = "grpcio_tools-1.51.0-cp310-cp310-manylinux_2_17_x86_64.manylinux2014_x86_64.whl", hash = "sha256:8d0bb265264efff1692c0417ee80709d19be809aeb3d92c942aef4626eec9a56"},
    {file = "grpcio_tools-1.51.0-cp310-cp310-musllinux_1_1_i686.whl", hash = "sha256:95801e3acfefc27ae2eed0ea670939d2b435381e33535d36627d71a494707d4f"},
    {file = "grpcio_tools-1.51.0-cp310-cp310-musllinux_1_1_x86_64.whl", hash = "sha256:db359c6ebef9d948fcb1d969da42a7b4ddea1f3608af4305cb694c7b408c84af"},
    {file = "grpcio_tools-1.51.0-cp310-cp310-win32.whl", hash = "sha256:7b510e48160c52f2d91da41385017dc61079fa3d448c35c4f52497fad4795f10"},
    {file = "grpcio_tools-1.51.0-cp310-cp310-win_amd64.whl", hash = "sha256:43c2eb39b08146e8cbe9816b7114e431a8bdca4c1d849942f71153049cadee6b"},
    {file = "grpcio_tools-1.51.0-cp311-cp311-linux_armv7l.whl", hash = "sha256:132694712ba54d41071f93b7adc40907b69b65995bce78766f26c4931a8a3941"},
    {file = "grpcio_tools-1.51.0-cp311-cp311-macosx_10_10_x86_64.whl", hash = "sha256:eef0cfb4121c92b2069184284a9a8fa56a33e64853d8a42ffd65e42e937ecb2e"},
    {file = "grpcio_tools-1.51.0-cp311-cp311-manylinux_2_17_i686.manylinux2014_i686.whl", hash = "sha256:0bcee5b84a989c3a8b73d5014432ca4c0c7911a0a8b7019d09c4f90981e04525"},
    {file = "grpcio_tools-1.51.0-cp311-cp311-manylinux_2_17_x86_64.manylinux2014_x86_64.whl", hash = "sha256:665b324af9d63f166ebedccbb64c3e01209671c7145ebae943f68eed4f32685d"},
    {file = "grpcio_tools-1.51.0-cp311-cp311-musllinux_1_1_i686.whl", hash = "sha256:81dff517a2fa2efc59c6b96cdcce76712d2f0fd488446beba7ad3d4175fb4e84"},
    {file = "grpcio_tools-1.51.0-cp311-cp311-musllinux_1_1_x86_64.whl", hash = "sha256:de8d361714a50719540dcf9ac02455d94a2bb9db6b6d5fe5bee689e32ca09233"},
    {file = "grpcio_tools-1.51.0-cp311-cp311-win32.whl", hash = "sha256:3b6744983e3878f400c792c51a2e496ea337ba0d40ca79403c99b271452aecfa"},
    {file = "grpcio_tools-1.51.0-cp311-cp311-win_amd64.whl", hash = "sha256:b3156de2e3a45c643bf8896116f4c3447ada72d55292abbbc5e9ce450b6f7b95"},
    {file = "grpcio_tools-1.51.0-cp37-cp37m-linux_armv7l.whl", hash = "sha256:4cf34b993f8ad64394c043502f55f11a93d3629219201d8e4357730e1df4b46f"},
    {file = "grpcio_tools-1.51.0-cp37-cp37m-macosx_10_10_x86_64.whl", hash = "sha256:3eb52c567347398d22e38d153a0fd092bea480d9cb1d3dffd46faaa679149827"},
    {file = "grpcio_tools-1.51.0-cp37-cp37m-manylinux_2_17_aarch64.whl", hash = "sha256:e41ed22699ed271bf65a8e5d55fc44b804f9cd4e42cd5d3ea2bc85526a191c71"},
    {file = "grpcio_tools-1.51.0-cp37-cp37m-manylinux_2_17_i686.manylinux2014_i686.whl", hash = "sha256:7867e43a9ed8c96301e77ea6d25461dee09fa2a63abfed80ae06e6cf64c72768"},
    {file = "grpcio_tools-1.51.0-cp37-cp37m-manylinux_2_17_x86_64.manylinux2014_x86_64.whl", hash = "sha256:f5f603a6f97e9c8f3d097212a6ef01601bcdb3cf61292533ba70fd528eb36a1f"},
    {file = "grpcio_tools-1.51.0-cp37-cp37m-musllinux_1_1_i686.whl", hash = "sha256:9c24af0d0c02eb74852d7ca94e6de19910b9b39c09e0380fe8643a7d56eac91f"},
    {file = "grpcio_tools-1.51.0-cp37-cp37m-musllinux_1_1_x86_64.whl", hash = "sha256:c14a0751ea35a81239b1ec0ff27f70fa4aa806b5f30f296f047e2e7fe57875b3"},
    {file = "grpcio_tools-1.51.0-cp37-cp37m-win32.whl", hash = "sha256:dbaccbcf76edd6d1062191b568b05271fccd89cb6a5ccaa41d416e82d364700b"},
    {file = "grpcio_tools-1.51.0-cp37-cp37m-win_amd64.whl", hash = "sha256:9d9e04f9ebb58e750f1be4d4521b0c8dce22b79c5abe8124854d687f49c37e32"},
    {file = "grpcio_tools-1.51.0-cp38-cp38-linux_armv7l.whl", hash = "sha256:df502b6993f894752a54feb9d6caf543b31912ecc3f7195663862a3d038c8ea4"},
    {file = "grpcio_tools-1.51.0-cp38-cp38-macosx_10_10_x86_64.whl", hash = "sha256:1c8695a5d04396faf27fcdf2ca1f028091d33d7ba19d821409fa02a5c0298700"},
    {file = "grpcio_tools-1.51.0-cp38-cp38-manylinux_2_17_aarch64.whl", hash = "sha256:f53ada207ab7c5203094ccdfb67a5eceaa70490f46c6957fd5e887c234976ae3"},
    {file = "grpcio_tools-1.51.0-cp38-cp38-manylinux_2_17_i686.manylinux2014_i686.whl", hash = "sha256:2daf67b3e582f21aa8ff70e3f8fd7bf902d9ea5657e591771d3f1fd9eb976c6c"},
    {file = "grpcio_tools-1.51.0-cp38-cp38-manylinux_2_17_x86_64.manylinux2014_x86_64.whl", hash = "sha256:8ec3198d736d406ab6691a205b3965781c6e770a2348dc6b107de2a9e6f86f23"},
    {file = "grpcio_tools-1.51.0-cp38-cp38-musllinux_1_1_i686.whl", hash = "sha256:4a4c07f9667abefb0cef735b7b28a207cfd13ab77004c04d3ef18601998bb73f"},
    {file = "grpcio_tools-1.51.0-cp38-cp38-musllinux_1_1_x86_64.whl", hash = "sha256:c69c7f90ed0527f13abd5a6a8fbb01648ab3977228ea2d56754fb7e6592d97b9"},
    {file = "grpcio_tools-1.51.0-cp38-cp38-win32.whl", hash = "sha256:02d6ed3a031ae64b808e848fbdc99c4be6645de1e308dbd533ba219fd9d448ff"},
    {file = "grpcio_tools-1.51.0-cp38-cp38-win_amd64.whl", hash = "sha256:741164bd18b7d97da4899b57cbe7d691b6b5ad86d3f3925309c891f7631b6350"},
    {file = "grpcio_tools-1.51.0-cp39-cp39-linux_armv7l.whl", hash = "sha256:2c34ec0176da88a38567925dd2eec55095d27498e3ba391528348f68f4d56e2a"},
    {file = "grpcio_tools-1.51.0-cp39-cp39-macosx_10_10_x86_64.whl", hash = "sha256:e5cda8f83c7a1db9d9b86f74a11ba30667a4f662716fd960a1c92f94e6ce3d39"},
    {file = "grpcio_tools-1.51.0-cp39-cp39-manylinux_2_17_aarch64.whl", hash = "sha256:0389b51fad748ac299597e624439aaac6bba8ecfd4e0efd3cf40571cb1f5b9f5"},
    {file = "grpcio_tools-1.51.0-cp39-cp39-manylinux_2_17_i686.manylinux2014_i686.whl", hash = "sha256:8ec3ede52275b7c156b3de5beed28bfb2d5f4e937640be9c6cffebf08b342d74"},
    {file = "grpcio_tools-1.51.0-cp39-cp39-manylinux_2_17_x86_64.manylinux2014_x86_64.whl", hash = "sha256:f910d33f1d8e798315bdbe8733d74cef4d8d8bc5e8a7bff412a85ecb62afa227"},
    {file = "grpcio_tools-1.51.0-cp39-cp39-musllinux_1_1_i686.whl", hash = "sha256:609fd3d733ba533416fcd42ff7e4197b3259281b2a21a5f0202cc7a47deb1c70"},
    {file = "grpcio_tools-1.51.0-cp39-cp39-musllinux_1_1_x86_64.whl", hash = "sha256:1aa44483557ecddbee43792b56622c44de91509d1f2bb566ba040bc2c01c79ff"},
    {file = "grpcio_tools-1.51.0-cp39-cp39-win32.whl", hash = "sha256:03c79e7880f062a1fe8b3868a4b2f2df02c33f83fe0240df73f034406171ebc9"},
    {file = "grpcio_tools-1.51.0-cp39-cp39-win_amd64.whl", hash = "sha256:553c0bbf58aa92a5757996e36289a8ede6a127444ff5cdc454ac0a22297ad129"},
]
iniconfig = [
    {file = "iniconfig-1.1.1-py2.py3-none-any.whl", hash = "sha256:011e24c64b7f47f6ebd835bb12a743f2fbe9a26d4cecaa7f53bc4f35ee9da8b3"},
    {file = "iniconfig-1.1.1.tar.gz", hash = "sha256:bc3af051d7d14b2ee5ef9969666def0cd1a000e121eaea580d4a313df4b37f32"},
]
isort = [
    {file = "isort-5.10.1-py3-none-any.whl", hash = "sha256:6f62d78e2f89b4500b080fe3a81690850cd254227f27f75c3a0c491a1f351ba7"},
    {file = "isort-5.10.1.tar.gz", hash = "sha256:e8443a5e7a020e9d7f97f1d7d9cd17c88bcb3bc7e218bf9cf5095fe550be2951"},
]
load-dotenv = [
    {file = "load-dotenv-0.1.0.tar.gz", hash = "sha256:bbe5f40072d4a61eadca66de6c222df5a2d935d6d41b703be1ff75396f635145"},
    {file = "load_dotenv-0.1.0-py3-none-any.whl", hash = "sha256:614803f720153fb8a5f97124a72aaa3930a67aa5547cbe8603d01ea7f9ac1adf"},
]
mypy-extensions = [
    {file = "mypy_extensions-0.4.3-py2.py3-none-any.whl", hash = "sha256:090fedd75945a69ae91ce1303b5824f428daf5a028d2f6ab8a299250a846f15d"},
    {file = "mypy_extensions-0.4.3.tar.gz", hash = "sha256:2d82818f5bb3e369420cb3c4060a7970edba416647068eb4c5343488a6c604a8"},
]
packaging = [
    {file = "packaging-21.3-py3-none-any.whl", hash = "sha256:ef103e05f519cdc783ae24ea4e2e0f508a9c99b2d4969652eed6a2e1ea5bd522"},
    {file = "packaging-21.3.tar.gz", hash = "sha256:dd47c42927d89ab911e606518907cc2d3a1f38bbd026385970643f9c5b8ecfeb"},
]
pathspec = [
    {file = "pathspec-0.10.2-py3-none-any.whl", hash = "sha256:88c2606f2c1e818b978540f73ecc908e13999c6c3a383daf3705652ae79807a5"},
    {file = "pathspec-0.10.2.tar.gz", hash = "sha256:8f6bf73e5758fd365ef5d58ce09ac7c27d2833a8d7da51712eac6e27e35141b0"},
]
platformdirs = [
    {file = "platformdirs-2.5.4-py3-none-any.whl", hash = "sha256:af0276409f9a02373d540bf8480021a048711d572745aef4b7842dad245eba10"},
    {file = "platformdirs-2.5.4.tar.gz", hash = "sha256:1006647646d80f16130f052404c6b901e80ee4ed6bef6792e1f238a8969106f7"},
]
pluggy = [
    {file = "pluggy-1.0.0-py2.py3-none-any.whl", hash = "sha256:74134bbf457f031a36d68416e1509f34bd5ccc019f0bcc952c7b909d06b37bd3"},
    {file = "pluggy-1.0.0.tar.gz", hash = "sha256:4224373bacce55f955a878bf9cfa763c1e360858e330072059e10bad68531159"},
]
protobuf = [
    {file = "protobuf-4.21.9-cp310-abi3-win32.whl", hash = "sha256:6e0be9f09bf9b6cf497b27425487706fa48c6d1632ddd94dab1a5fe11a422392"},
    {file = "protobuf-4.21.9-cp310-abi3-win_amd64.whl", hash = "sha256:a7d0ea43949d45b836234f4ebb5ba0b22e7432d065394b532cdca8f98415e3cf"},
    {file = "protobuf-4.21.9-cp37-abi3-macosx_10_9_universal2.whl", hash = "sha256:b5ab0b8918c136345ff045d4b3d5f719b505b7c8af45092d7f45e304f55e50a1"},
    {file = "protobuf-4.21.9-cp37-abi3-manylinux2014_aarch64.whl", hash = "sha256:2c9c2ed7466ad565f18668aa4731c535511c5d9a40c6da39524bccf43e441719"},
    {file = "protobuf-4.21.9-cp37-abi3-manylinux2014_x86_64.whl", hash = "sha256:e575c57dc8b5b2b2caa436c16d44ef6981f2235eb7179bfc847557886376d740"},
    {file = "protobuf-4.21.9-cp37-cp37m-win32.whl", hash = "sha256:9227c14010acd9ae7702d6467b4625b6fe853175a6b150e539b21d2b2f2b409c"},
    {file = "protobuf-4.21.9-cp37-cp37m-win_amd64.whl", hash = "sha256:a419cc95fca8694804709b8c4f2326266d29659b126a93befe210f5bbc772536"},
    {file = "protobuf-4.21.9-cp38-cp38-win32.whl", hash = "sha256:5b0834e61fb38f34ba8840d7dcb2e5a2f03de0c714e0293b3963b79db26de8ce"},
    {file = "protobuf-4.21.9-cp38-cp38-win_amd64.whl", hash = "sha256:84ea107016244dfc1eecae7684f7ce13c788b9a644cd3fca5b77871366556444"},
    {file = "protobuf-4.21.9-cp39-cp39-win32.whl", hash = "sha256:f9eae277dd240ae19bb06ff4e2346e771252b0e619421965504bd1b1bba7c5fa"},
    {file = "protobuf-4.21.9-cp39-cp39-win_amd64.whl", hash = "sha256:6e312e280fbe3c74ea9e080d9e6080b636798b5e3939242298b591064470b06b"},
    {file = "protobuf-4.21.9-py2.py3-none-any.whl", hash = "sha256:7eb8f2cc41a34e9c956c256e3ac766cf4e1a4c9c925dc757a41a01be3e852965"},
    {file = "protobuf-4.21.9-py3-none-any.whl", hash = "sha256:48e2cd6b88c6ed3d5877a3ea40df79d08374088e89bedc32557348848dff250b"},
    {file = "protobuf-4.21.9.tar.gz", hash = "sha256:61f21493d96d2a77f9ca84fefa105872550ab5ef71d21c458eb80edcf4885a99"},
]
pyparsing = [
    {file = "pyparsing-3.0.9-py3-none-any.whl", hash = "sha256:5026bae9a10eeaefb61dab2f09052b9f4307d44aee4eda64b309723d8d206bbc"},
    {file = "pyparsing-3.0.9.tar.gz", hash = "sha256:2b020ecf7d21b687f219b71ecad3631f644a47f01403fa1d1036b0c6416d70fb"},
]
pytest = [
    {file = "pytest-7.2.0-py3-none-any.whl", hash = "sha256:892f933d339f068883b6fd5a459f03d85bfcb355e4981e146d2c7616c21fef71"},
    {file = "pytest-7.2.0.tar.gz", hash = "sha256:c4014eb40e10f11f355ad4e3c2fb2c6c6d1919c73f3b5a433de4708202cade59"},
]
python-dotenv = [
    {file = "python-dotenv-0.21.0.tar.gz", hash = "sha256:b77d08274639e3d34145dfa6c7008e66df0f04b7be7a75fd0d5292c191d79045"},
    {file = "python_dotenv-0.21.0-py3-none-any.whl", hash = "sha256:1684eb44636dd462b66c3ee016599815514527ad99965de77f43e0944634a7e5"},
]
tomli = [
    {file = "tomli-2.0.1-py3-none-any.whl", hash = "sha256:939de3e7a6161af0c887ef91b7d41a53e7c5a1ca976325f429cb46ea9bc30ecc"},
    {file = "tomli-2.0.1.tar.gz", hash = "sha256:de526c12914f0c550d15924c62d72abc48d6fe7364aa87328337a31007fe8a4f"},
]
